
Microsoft Visual Studio Solution File, Format Version 12.00
# Visual Studio Version 17
VisualStudioVersion = 17.5.33530.505
MinimumVisualStudioVersion = 10.0.40219.1
Project("{FAE04EC0-301F-11D3-BF4B-00C04F79EFBC}") = "Factory Design Pattern", "Factory Design Pattern\Factory Design Pattern.csproj", "{2B4D442E-A9D5-445B-AC8D-570690AB543D}"
EndProject
Global
	GlobalSection(SolutionConfigurationPlatforms) = preSolution
		Debug|Any CPU = Debug|Any CPU
		Release|Any CPU = Release|Any CPU
	EndGlobalSection
	GlobalSection(ProjectConfigurationPlatforms) = postSolution
		{2B4D442E-A9D5-445B-AC8D-570690AB543D}.Debug|Any CPU.ActiveCfg = Debug|Any CPU
		{2B4D442E-A9D5-445B-AC8D-570690AB543D}.Debug|Any CPU.Build.0 = Debug|Any CPU
		{2B4D442E-A9D5-445B-AC8D-570690AB543D}.Release|Any CPU.ActiveCfg = Release|Any CPU
		{2B4D442E-A9D5-445B-AC8D-570690AB543D}.Release|Any CPU.Build.0 = Release|Any CPU
	EndGlobalSection
	GlobalSection(SolutionProperties) = preSolution
		HideSolutionNode = FALSE
	EndGlobalSection
	GlobalSection(ExtensibilityGlobals) = postSolution
		SolutionGuid = {35C2047E-4ABF-4168-834F-10CF06ED678D}
	EndGlobalSection
EndGlobal
