
Microsoft Visual Studio Solution File, Format Version 12.00
# Visual Studio Version 17
VisualStudioVersion = 17.5.33530.505
MinimumVisualStudioVersion = 10.0.40219.1
Project("{FAE04EC0-301F-11D3-BF4B-00C04F79EFBC}") = "Observer Pattern", "Observer Pattern\Observer Pattern.csproj", "{CFCEAF3C-7F41-43C3-95F6-B8955C4A5BE2}"
EndProject
Global
	GlobalSection(SolutionConfigurationPlatforms) = preSolution
		Debug|Any CPU = Debug|Any CPU
		Release|Any CPU = Release|Any CPU
	EndGlobalSection
	GlobalSection(ProjectConfigurationPlatforms) = postSolution
		{CFCEAF3C-7F41-43C3-95F6-B8955C4A5BE2}.Debug|Any CPU.ActiveCfg = Debug|Any CPU
		{CFCEAF3C-7F41-43C3-95F6-B8955C4A5BE2}.Debug|Any CPU.Build.0 = Debug|Any CPU
		{CFCEAF3C-7F41-43C3-95F6-B8955C4A5BE2}.Release|Any CPU.ActiveCfg = Release|Any CPU
		{CFCEAF3C-7F41-43C3-95F6-B8955C4A5BE2}.Release|Any CPU.Build.0 = Release|Any CPU
	EndGlobalSection
	GlobalSection(SolutionProperties) = preSolution
		HideSolutionNode = FALSE
	EndGlobalSection
	GlobalSection(ExtensibilityGlobals) = postSolution
		SolutionGuid = {6BAFCD54-7BBB-4CF3-8228-94C11138DD8B}
	EndGlobalSection
EndGlobal
